
Microsoft Visual Studio Solution File, Format Version 12.00
Project("{FAE04EC0-301F-11D3-BF4B-00C04F79EFBC}") = "VisionProject", "VisionProject\VisionProject.csproj", "{0095B35A-3628-4ED7-9336-1776FD2A5DE0}"
EndProject
Project("{FAE04EC0-301F-11D3-BF4B-00C04F79EFBC}") = "Vision.NeuralEngine", "Vision.NeuralEngine\Vision.NeuralEngine.csproj", "{CCC6E177-6BB4-4BF6-A37E-F5A12DB97F43}"
EndProject
Project("{FAE04EC0-301F-11D3-BF4B-00C04F79EFBC}") = "Vision.Capture", "Vision.Capture\Vision.Capture.csproj", "{0CA928D4-7743-4FDA-9145-81BBC1FF48F8}"
EndProject
Project("{FAE04EC0-301F-11D3-BF4B-00C04F79EFBC}") = "Vision.App.Console", "Vision.App.Console\Vision.App.Console.csproj", "{B54C3B8E-F13A-4FAF-828E-31CB616A2AE4}"
EndProject
Project("{FAE04EC0-301F-11D3-BF4B-00C04F79EFBC}") = "Vision.Trainer", "Vision.Trainer\Vision.Trainer.csproj", "{AC99217C-DE14-4ADC-85AC-80BE5879C7C4}"
EndProject
Project("{FAE04EC0-301F-11D3-BF4B-00C04F79EFBC}") = "Vision.NeuralEngine.Tests", "Vision.NeuralEngine.Tests\Vision.NeuralEngine.Tests.csproj", "{154B2DE2-0304-4D65-9609-4982B3BF2842}"
EndProject
Project("{FAE04EC0-301F-11D3-BF4B-00C04F79EFBC}") = "Vision.App.WinForms", "Vision.App.WinForms\Vision.App.WinForms.csproj", "{BDD47A58-32B9-494F-9490-19199357DD38}"
EndProject
Project("{FAE04EC0-301F-11D3-BF4B-00C04F79EFBC}") = "Vision.App.WinForms.Tests", "Vision.App.WinForms.Tests\Vision.App.WinForms.Tests.csproj", "{4D5B5D3C-9A79-4C2C-AF47-FA50A63A5037}"
EndProject
Project("{FAE04EC0-301F-11D3-BF4B-00C04F79EFBC}") = "Vision.ImagePreprocessing", "Vision.ImagePreprocessing\Vision.ImagePreprocessing.csproj", "{C14071F7-A156-4603-8B61-F954DE3432CB}"
EndProject
Project("{FAE04EC0-301F-11D3-BF4B-00C04F79EFBC}") = "Vision.DatasetConverter", "Vision.DatasetConverter\Vision.DatasetConverter.csproj", "{8DAE7628-0714-4D9D-A1FB-4A037B7BB8A9}"
EndProject
Project("{FAE04EC0-301F-11D3-BF4B-00C04F79EFBC}") = "Vision.ImagePreprocessing.Tests", "Vision.ImagePreprocessing.Tests\Vision.ImagePreprocessing.Tests.csproj", "{20ABCAC7-B9BF-4DA7-8A0B-2383A1493D1E}"
EndProject
Global
	GlobalSection(SolutionConfigurationPlatforms) = preSolution
		Debug|Any CPU = Debug|Any CPU
		Debug|x64 = Debug|x64
		Debug|x86 = Debug|x86
		Release|Any CPU = Release|Any CPU
		Release|x64 = Release|x64
		Release|x86 = Release|x86
	EndGlobalSection
	GlobalSection(ProjectConfigurationPlatforms) = postSolution
		{0095B35A-3628-4ED7-9336-1776FD2A5DE0}.Debug|Any CPU.ActiveCfg = Debug|Any CPU
		{0095B35A-3628-4ED7-9336-1776FD2A5DE0}.Debug|Any CPU.Build.0 = Debug|Any CPU
		{0095B35A-3628-4ED7-9336-1776FD2A5DE0}.Debug|x64.ActiveCfg = Debug|Any CPU
		{0095B35A-3628-4ED7-9336-1776FD2A5DE0}.Debug|x64.Build.0 = Debug|Any CPU
		{0095B35A-3628-4ED7-9336-1776FD2A5DE0}.Debug|x86.ActiveCfg = Debug|Any CPU
		{0095B35A-3628-4ED7-9336-1776FD2A5DE0}.Debug|x86.Build.0 = Debug|Any CPU
		{0095B35A-3628-4ED7-9336-1776FD2A5DE0}.Release|Any CPU.ActiveCfg = Release|Any CPU
		{0095B35A-3628-4ED7-9336-1776FD2A5DE0}.Release|Any CPU.Build.0 = Release|Any CPU
		{0095B35A-3628-4ED7-9336-1776FD2A5DE0}.Release|x64.ActiveCfg = Release|Any CPU
		{0095B35A-3628-4ED7-9336-1776FD2A5DE0}.Release|x64.Build.0 = Release|Any CPU
		{0095B35A-3628-4ED7-9336-1776FD2A5DE0}.Release|x86.ActiveCfg = Release|Any CPU
		{0095B35A-3628-4ED7-9336-1776FD2A5DE0}.Release|x86.Build.0 = Release|Any CPU
		{CCC6E177-6BB4-4BF6-A37E-F5A12DB97F43}.Debug|Any CPU.ActiveCfg = Debug|Any CPU
		{CCC6E177-6BB4-4BF6-A37E-F5A12DB97F43}.Debug|Any CPU.Build.0 = Debug|Any CPU
		{CCC6E177-6BB4-4BF6-A37E-F5A12DB97F43}.Debug|x64.ActiveCfg = Debug|Any CPU
		{CCC6E177-6BB4-4BF6-A37E-F5A12DB97F43}.Debug|x64.Build.0 = Debug|Any CPU
		{CCC6E177-6BB4-4BF6-A37E-F5A12DB97F43}.Debug|x86.ActiveCfg = Debug|Any CPU
		{CCC6E177-6BB4-4BF6-A37E-F5A12DB97F43}.Debug|x86.Build.0 = Debug|Any CPU
		{CCC6E177-6BB4-4BF6-A37E-F5A12DB97F43}.Release|Any CPU.ActiveCfg = Release|Any CPU
		{CCC6E177-6BB4-4BF6-A37E-F5A12DB97F43}.Release|Any CPU.Build.0 = Release|Any CPU
		{CCC6E177-6BB4-4BF6-A37E-F5A12DB97F43}.Release|x64.ActiveCfg = Release|Any CPU
		{CCC6E177-6BB4-4BF6-A37E-F5A12DB97F43}.Release|x64.Build.0 = Release|Any CPU
		{CCC6E177-6BB4-4BF6-A37E-F5A12DB97F43}.Release|x86.ActiveCfg = Release|Any CPU
		{CCC6E177-6BB4-4BF6-A37E-F5A12DB97F43}.Release|x86.Build.0 = Release|Any CPU
		{0CA928D4-7743-4FDA-9145-81BBC1FF48F8}.Debug|Any CPU.ActiveCfg = Debug|Any CPU
		{0CA928D4-7743-4FDA-9145-81BBC1FF48F8}.Debug|Any CPU.Build.0 = Debug|Any CPU
		{0CA928D4-7743-4FDA-9145-81BBC1FF48F8}.Debug|x64.ActiveCfg = Debug|Any CPU
		{0CA928D4-7743-4FDA-9145-81BBC1FF48F8}.Debug|x64.Build.0 = Debug|Any CPU
		{0CA928D4-7743-4FDA-9145-81BBC1FF48F8}.Debug|x86.ActiveCfg = Debug|Any CPU
		{0CA928D4-7743-4FDA-9145-81BBC1FF48F8}.Debug|x86.Build.0 = Debug|Any CPU
		{0CA928D4-7743-4FDA-9145-81BBC1FF48F8}.Release|Any CPU.ActiveCfg = Release|Any CPU
		{0CA928D4-7743-4FDA-9145-81BBC1FF48F8}.Release|Any CPU.Build.0 = Release|Any CPU
		{0CA928D4-7743-4FDA-9145-81BBC1FF48F8}.Release|x64.ActiveCfg = Release|Any CPU
		{0CA928D4-7743-4FDA-9145-81BBC1FF48F8}.Release|x64.Build.0 = Release|Any CPU
		{0CA928D4-7743-4FDA-9145-81BBC1FF48F8}.Release|x86.ActiveCfg = Release|Any CPU
		{0CA928D4-7743-4FDA-9145-81BBC1FF48F8}.Release|x86.Build.0 = Release|Any CPU
		{B54C3B8E-F13A-4FAF-828E-31CB616A2AE4}.Debug|Any CPU.ActiveCfg = Debug|Any CPU
		{B54C3B8E-F13A-4FAF-828E-31CB616A2AE4}.Debug|Any CPU.Build.0 = Debug|Any CPU
		{B54C3B8E-F13A-4FAF-828E-31CB616A2AE4}.Debug|x64.ActiveCfg = Debug|Any CPU
		{B54C3B8E-F13A-4FAF-828E-31CB616A2AE4}.Debug|x64.Build.0 = Debug|Any CPU
		{B54C3B8E-F13A-4FAF-828E-31CB616A2AE4}.Debug|x86.ActiveCfg = Debug|Any CPU
		{B54C3B8E-F13A-4FAF-828E-31CB616A2AE4}.Debug|x86.Build.0 = Debug|Any CPU
		{B54C3B8E-F13A-4FAF-828E-31CB616A2AE4}.Release|Any CPU.ActiveCfg = Release|Any CPU
		{B54C3B8E-F13A-4FAF-828E-31CB616A2AE4}.Release|Any CPU.Build.0 = Release|Any CPU
		{B54C3B8E-F13A-4FAF-828E-31CB616A2AE4}.Release|x64.ActiveCfg = Release|Any CPU
		{B54C3B8E-F13A-4FAF-828E-31CB616A2AE4}.Release|x64.Build.0 = Release|Any CPU
		{B54C3B8E-F13A-4FAF-828E-31CB616A2AE4}.Release|x86.ActiveCfg = Release|Any CPU
		{B54C3B8E-F13A-4FAF-828E-31CB616A2AE4}.Release|x86.Build.0 = Release|Any CPU
		{AC99217C-DE14-4ADC-85AC-80BE5879C7C4}.Debug|Any CPU.ActiveCfg = Debug|Any CPU
		{AC99217C-DE14-4ADC-85AC-80BE5879C7C4}.Debug|Any CPU.Build.0 = Debug|Any CPU
		{AC99217C-DE14-4ADC-85AC-80BE5879C7C4}.Debug|x64.ActiveCfg = Debug|Any CPU
		{AC99217C-DE14-4ADC-85AC-80BE5879C7C4}.Debug|x64.Build.0 = Debug|Any CPU
		{AC99217C-DE14-4ADC-85AC-80BE5879C7C4}.Debug|x86.ActiveCfg = Debug|Any CPU
		{AC99217C-DE14-4ADC-85AC-80BE5879C7C4}.Debug|x86.Build.0 = Debug|Any CPU
		{AC99217C-DE14-4ADC-85AC-80BE5879C7C4}.Release|Any CPU.ActiveCfg = Release|Any CPU
		{AC99217C-DE14-4ADC-85AC-80BE5879C7C4}.Release|Any CPU.Build.0 = Release|Any CPU
		{AC99217C-DE14-4ADC-85AC-80BE5879C7C4}.Release|x64.ActiveCfg = Release|Any CPU
		{AC99217C-DE14-4ADC-85AC-80BE5879C7C4}.Release|x64.Build.0 = Release|Any CPU
		{AC99217C-DE14-4ADC-85AC-80BE5879C7C4}.Release|x86.ActiveCfg = Release|Any CPU
		{AC99217C-DE14-4ADC-85AC-80BE5879C7C4}.Release|x86.Build.0 = Release|Any CPU
		{154B2DE2-0304-4D65-9609-4982B3BF2842}.Debug|Any CPU.ActiveCfg = Debug|Any CPU
		{154B2DE2-0304-4D65-9609-4982B3BF2842}.Debug|Any CPU.Build.0 = Debug|Any CPU
		{154B2DE2-0304-4D65-9609-4982B3BF2842}.Debug|x64.ActiveCfg = Debug|Any CPU
		{154B2DE2-0304-4D65-9609-4982B3BF2842}.Debug|x64.Build.0 = Debug|Any CPU
		{154B2DE2-0304-4D65-9609-4982B3BF2842}.Debug|x86.ActiveCfg = Debug|Any CPU
		{154B2DE2-0304-4D65-9609-4982B3BF2842}.Debug|x86.Build.0 = Debug|Any CPU
		{154B2DE2-0304-4D65-9609-4982B3BF2842}.Release|Any CPU.ActiveCfg = Release|Any CPU
		{154B2DE2-0304-4D65-9609-4982B3BF2842}.Release|Any CPU.Build.0 = Release|Any CPU
		{154B2DE2-0304-4D65-9609-4982B3BF2842}.Release|x64.ActiveCfg = Release|Any CPU
		{154B2DE2-0304-4D65-9609-4982B3BF2842}.Release|x64.Build.0 = Release|Any CPU
		{154B2DE2-0304-4D65-9609-4982B3BF2842}.Release|x86.ActiveCfg = Release|Any CPU
		{154B2DE2-0304-4D65-9609-4982B3BF2842}.Release|x86.Build.0 = Release|Any CPU
		{BDD47A58-32B9-494F-9490-19199357DD38}.Debug|Any CPU.ActiveCfg = Debug|Any CPU
		{BDD47A58-32B9-494F-9490-19199357DD38}.Debug|Any CPU.Build.0 = Debug|Any CPU
		{BDD47A58-32B9-494F-9490-19199357DD38}.Debug|x64.ActiveCfg = Debug|Any CPU
		{BDD47A58-32B9-494F-9490-19199357DD38}.Debug|x64.Build.0 = Debug|Any CPU
		{BDD47A58-32B9-494F-9490-19199357DD38}.Debug|x86.ActiveCfg = Debug|Any CPU
		{BDD47A58-32B9-494F-9490-19199357DD38}.Debug|x86.Build.0 = Debug|Any CPU
		{BDD47A58-32B9-494F-9490-19199357DD38}.Release|Any CPU.ActiveCfg = Release|Any CPU
		{BDD47A58-32B9-494F-9490-19199357DD38}.Release|Any CPU.Build.0 = Release|Any CPU
		{BDD47A58-32B9-494F-9490-19199357DD38}.Release|x64.ActiveCfg = Release|Any CPU
		{BDD47A58-32B9-494F-9490-19199357DD38}.Release|x64.Build.0 = Release|Any CPU
		{BDD47A58-32B9-494F-9490-19199357DD38}.Release|x86.ActiveCfg = Release|Any CPU
		{BDD47A58-32B9-494F-9490-19199357DD38}.Release|x86.Build.0 = Release|Any CPU
		{4D5B5D3C-9A79-4C2C-AF47-FA50A63A5037}.Debug|Any CPU.ActiveCfg = Debug|Any CPU
		{4D5B5D3C-9A79-4C2C-AF47-FA50A63A5037}.Debug|Any CPU.Build.0 = Debug|Any CPU
		{4D5B5D3C-9A79-4C2C-AF47-FA50A63A5037}.Debug|x64.ActiveCfg = Debug|Any CPU
		{4D5B5D3C-9A79-4C2C-AF47-FA50A63A5037}.Debug|x64.Build.0 = Debug|Any CPU
		{4D5B5D3C-9A79-4C2C-AF47-FA50A63A5037}.Debug|x86.ActiveCfg = Debug|Any CPU
		{4D5B5D3C-9A79-4C2C-AF47-FA50A63A5037}.Debug|x86.Build.0 = Debug|Any CPU
		{4D5B5D3C-9A79-4C2C-AF47-FA50A63A5037}.Release|Any CPU.ActiveCfg = Release|Any CPU
		{4D5B5D3C-9A79-4C2C-AF47-FA50A63A5037}.Release|Any CPU.Build.0 = Release|Any CPU
		{4D5B5D3C-9A79-4C2C-AF47-FA50A63A5037}.Release|x64.ActiveCfg = Release|Any CPU
		{4D5B5D3C-9A79-4C2C-AF47-FA50A63A5037}.Release|x64.Build.0 = Release|Any CPU
		{4D5B5D3C-9A79-4C2C-AF47-FA50A63A5037}.Release|x86.ActiveCfg = Release|Any CPU
		{4D5B5D3C-9A79-4C2C-AF47-FA50A63A5037}.Release|x86.Build.0 = Release|Any CPU
		{C14071F7-A156-4603-8B61-F954DE3432CB}.Debug|Any CPU.ActiveCfg = Debug|Any CPU
		{C14071F7-A156-4603-8B61-F954DE3432CB}.Debug|Any CPU.Build.0 = Debug|Any CPU
		{C14071F7-A156-4603-8B61-F954DE3432CB}.Debug|x64.ActiveCfg = Debug|Any CPU
		{C14071F7-A156-4603-8B61-F954DE3432CB}.Debug|x64.Build.0 = Debug|Any CPU
		{C14071F7-A156-4603-8B61-F954DE3432CB}.Debug|x86.ActiveCfg = Debug|Any CPU
		{C14071F7-A156-4603-8B61-F954DE3432CB}.Debug|x86.Build.0 = Debug|Any CPU
		{C14071F7-A156-4603-8B61-F954DE3432CB}.Release|Any CPU.ActiveCfg = Release|Any CPU
		{C14071F7-A156-4603-8B61-F954DE3432CB}.Release|Any CPU.Build.0 = Release|Any CPU
		{C14071F7-A156-4603-8B61-F954DE3432CB}.Release|x64.ActiveCfg = Release|Any CPU
		{C14071F7-A156-4603-8B61-F954DE3432CB}.Release|x64.Build.0 = Release|Any CPU
		{C14071F7-A156-4603-8B61-F954DE3432CB}.Release|x86.ActiveCfg = Release|Any CPU
		{C14071F7-A156-4603-8B61-F954DE3432CB}.Release|x86.Build.0 = Release|Any CPU
		{8DAE7628-0714-4D9D-A1FB-4A037B7BB8A9}.Debug|Any CPU.ActiveCfg = Debug|Any CPU
		{8DAE7628-0714-4D9D-A1FB-4A037B7BB8A9}.Debug|Any CPU.Build.0 = Debug|Any CPU
		{8DAE7628-0714-4D9D-A1FB-4A037B7BB8A9}.Debug|x64.ActiveCfg = Debug|Any CPU
		{8DAE7628-0714-4D9D-A1FB-4A037B7BB8A9}.Debug|x64.Build.0 = Debug|Any CPU
		{8DAE7628-0714-4D9D-A1FB-4A037B7BB8A9}.Debug|x86.ActiveCfg = Debug|Any CPU
		{8DAE7628-0714-4D9D-A1FB-4A037B7BB8A9}.Debug|x86.Build.0 = Debug|Any CPU
		{8DAE7628-0714-4D9D-A1FB-4A037B7BB8A9}.Release|Any CPU.ActiveCfg = Release|Any CPU
		{8DAE7628-0714-4D9D-A1FB-4A037B7BB8A9}.Release|Any CPU.Build.0 = Release|Any CPU
		{8DAE7628-0714-4D9D-A1FB-4A037B7BB8A9}.Release|x64.ActiveCfg = Release|Any CPU
		{8DAE7628-0714-4D9D-A1FB-4A037B7BB8A9}.Release|x64.Build.0 = Release|Any CPU
		{8DAE7628-0714-4D9D-A1FB-4A037B7BB8A9}.Release|x86.ActiveCfg = Release|Any CPU
		{8DAE7628-0714-4D9D-A1FB-4A037B7BB8A9}.Release|x86.Build.0 = Release|Any CPU
		{20ABCAC7-B9BF-4DA7-8A0B-2383A1493D1E}.Debug|Any CPU.ActiveCfg = Debug|Any CPU
		{20ABCAC7-B9BF-4DA7-8A0B-2383A1493D1E}.Debug|Any CPU.Build.0 = Debug|Any CPU
		{20ABCAC7-B9BF-4DA7-8A0B-2383A1493D1E}.Debug|x64.ActiveCfg = Debug|Any CPU
		{20ABCAC7-B9BF-4DA7-8A0B-2383A1493D1E}.Debug|x64.Build.0 = Debug|Any CPU
		{20ABCAC7-B9BF-4DA7-8A0B-2383A1493D1E}.Debug|x86.ActiveCfg = Debug|Any CPU
		{20ABCAC7-B9BF-4DA7-8A0B-2383A1493D1E}.Debug|x86.Build.0 = Debug|Any CPU
		{20ABCAC7-B9BF-4DA7-8A0B-2383A1493D1E}.Release|Any CPU.ActiveCfg = Release|Any CPU
		{20ABCAC7-B9BF-4DA7-8A0B-2383A1493D1E}.Release|Any CPU.Build.0 = Release|Any CPU
		{20ABCAC7-B9BF-4DA7-8A0B-2383A1493D1E}.Release|x64.ActiveCfg = Release|Any CPU
		{20ABCAC7-B9BF-4DA7-8A0B-2383A1493D1E}.Release|x64.Build.0 = Release|Any CPU
		{20ABCAC7-B9BF-4DA7-8A0B-2383A1493D1E}.Release|x86.ActiveCfg = Release|Any CPU
		{20ABCAC7-B9BF-4DA7-8A0B-2383A1493D1E}.Release|x86.Build.0 = Release|Any CPU
	EndGlobalSection
	GlobalSection(SolutionProperties) = preSolution
		HideSolutionNode = FALSE
	EndGlobalSection
EndGlobal
